
Microsoft Visual Studio Solution File, Format Version 12.00
# Visual Studio Version 17
VisualStudioVersion = 17.7.34009.444
MinimumVisualStudioVersion = 10.0.40219.1
Project("{FAE04EC0-301F-11D3-BF4B-00C04F79EFBC}") = "Line_Comparison_Problem", "Line_Comparison_Problem.csproj", "{BF837302-5789-42A1-8343-348AC360A5BF}"
EndProject
Global
	GlobalSection(SolutionConfigurationPlatforms) = preSolution
		Debug|Any CPU = Debug|Any CPU
		Release|Any CPU = Release|Any CPU
	EndGlobalSection
	GlobalSection(ProjectConfigurationPlatforms) = postSolution
		{BF837302-5789-42A1-8343-348AC360A5BF}.Debug|Any CPU.ActiveCfg = Debug|Any CPU
		{BF837302-5789-42A1-8343-348AC360A5BF}.Debug|Any CPU.Build.0 = Debug|Any CPU
		{BF837302-5789-42A1-8343-348AC360A5BF}.Release|Any CPU.ActiveCfg = Release|Any CPU
		{BF837302-5789-42A1-8343-348AC360A5BF}.Release|Any CPU.Build.0 = Release|Any CPU
	EndGlobalSection
	GlobalSection(SolutionProperties) = preSolution
		HideSolutionNode = FALSE
	EndGlobalSection
	GlobalSection(ExtensibilityGlobals) = postSolution
		SolutionGuid = {4B0736F9-AAD8-497E-B3C9-79E508E62E07}
	EndGlobalSection
EndGlobal
